
Microsoft Visual Studio Solution File, Format Version 12.00
# Visual Studio Version 16
VisualStudioVersion = 16.0.30413.136
MinimumVisualStudioVersion = 10.0.40219.1
Project("{8BC9CEB8-8B4A-11D0-8D11-00A0C91BC942}") = "8bitconsole", "8bitconsole\8bitconsole.vcxproj", "{11026CC7-00DC-402B-BE57-B81F146BA6C0}"
EndProject
Project("{8BC9CEB8-8B4A-11D0-8D11-00A0C91BC942}") = "OpCodeLib", "OpCodeLib\OpCodeLib.vcxproj", "{14E2AC7B-54A4-4563-84BA-20553F9B7D23}"
EndProject
Project("{8BC9CEB8-8B4A-11D0-8D11-00A0C91BC942}") = "asm8bit", "asm8bit\asm8bit.vcxproj", "{1F3CAC77-80A4-4724-866C-A11AAC88997F}"
EndProject
Project("{8BC9CEB8-8B4A-11D0-8D11-00A0C91BC942}") = "CharCompressor", "CharCompressor\CharCompressor.vcxproj", "{A00B4FC7-A399-4F3C-A0B3-5E0C43A3336A}"
EndProject
Project("{8BC9CEB8-8B4A-11D0-8D11-00A0C91BC942}") = "RomPackager", "RomPackager\RomPackager.vcxproj", "{870A8A0E-81B1-428B-B2F9-3DD03D0A5719}"
EndProject
Global
	GlobalSection(SolutionConfigurationPlatforms) = preSolution
		Debug|x64 = Debug|x64
		Debug|x86 = Debug|x86
		Release|x64 = Release|x64
		Release|x86 = Release|x86
	EndGlobalSection
	GlobalSection(ProjectConfigurationPlatforms) = postSolution
		{11026CC7-00DC-402B-BE57-B81F146BA6C0}.Debug|x64.ActiveCfg = Debug|x64
		{11026CC7-00DC-402B-BE57-B81F146BA6C0}.Debug|x64.Build.0 = Debug|x64
		{11026CC7-00DC-402B-BE57-B81F146BA6C0}.Debug|x86.ActiveCfg = Debug|Win32
		{11026CC7-00DC-402B-BE57-B81F146BA6C0}.Debug|x86.Build.0 = Debug|Win32
		{11026CC7-00DC-402B-BE57-B81F146BA6C0}.Release|x64.ActiveCfg = Release|x64
		{11026CC7-00DC-402B-BE57-B81F146BA6C0}.Release|x64.Build.0 = Release|x64
		{11026CC7-00DC-402B-BE57-B81F146BA6C0}.Release|x86.ActiveCfg = Release|Win32
		{11026CC7-00DC-402B-BE57-B81F146BA6C0}.Release|x86.Build.0 = Release|Win32
		{14E2AC7B-54A4-4563-84BA-20553F9B7D23}.Debug|x64.ActiveCfg = Debug|x64
		{14E2AC7B-54A4-4563-84BA-20553F9B7D23}.Debug|x64.Build.0 = Debug|x64
		{14E2AC7B-54A4-4563-84BA-20553F9B7D23}.Debug|x86.ActiveCfg = Debug|Win32
		{14E2AC7B-54A4-4563-84BA-20553F9B7D23}.Debug|x86.Build.0 = Debug|Win32
		{14E2AC7B-54A4-4563-84BA-20553F9B7D23}.Release|x64.ActiveCfg = Release|x64
		{14E2AC7B-54A4-4563-84BA-20553F9B7D23}.Release|x64.Build.0 = Release|x64
		{14E2AC7B-54A4-4563-84BA-20553F9B7D23}.Release|x86.ActiveCfg = Release|Win32
		{14E2AC7B-54A4-4563-84BA-20553F9B7D23}.Release|x86.Build.0 = Release|Win32
		{1F3CAC77-80A4-4724-866C-A11AAC88997F}.Debug|x64.ActiveCfg = Debug|x64
		{1F3CAC77-80A4-4724-866C-A11AAC88997F}.Debug|x64.Build.0 = Debug|x64
		{1F3CAC77-80A4-4724-866C-A11AAC88997F}.Debug|x86.ActiveCfg = Debug|Win32
		{1F3CAC77-80A4-4724-866C-A11AAC88997F}.Debug|x86.Build.0 = Debug|Win32
		{1F3CAC77-80A4-4724-866C-A11AAC88997F}.Release|x64.ActiveCfg = Release|x64
		{1F3CAC77-80A4-4724-866C-A11AAC88997F}.Release|x64.Build.0 = Release|x64
		{1F3CAC77-80A4-4724-866C-A11AAC88997F}.Release|x86.ActiveCfg = Release|Win32
		{1F3CAC77-80A4-4724-866C-A11AAC88997F}.Release|x86.Build.0 = Release|Win32
		{A00B4FC7-A399-4F3C-A0B3-5E0C43A3336A}.Debug|x64.ActiveCfg = Debug|x64
		{A00B4FC7-A399-4F3C-A0B3-5E0C43A3336A}.Debug|x64.Build.0 = Debug|x64
		{A00B4FC7-A399-4F3C-A0B3-5E0C43A3336A}.Debug|x86.ActiveCfg = Debug|Win32
		{A00B4FC7-A399-4F3C-A0B3-5E0C43A3336A}.Debug|x86.Build.0 = Debug|Win32
		{A00B4FC7-A399-4F3C-A0B3-5E0C43A3336A}.Release|x64.ActiveCfg = Release|x64
		{A00B4FC7-A399-4F3C-A0B3-5E0C43A3336A}.Release|x64.Build.0 = Release|x64
		{A00B4FC7-A399-4F3C-A0B3-5E0C43A3336A}.Release|x86.ActiveCfg = Release|Win32
		{A00B4FC7-A399-4F3C-A0B3-5E0C43A3336A}.Release|x86.Build.0 = Release|Win32
		{870A8A0E-81B1-428B-B2F9-3DD03D0A5719}.Debug|x64.ActiveCfg = Debug|x64
		{870A8A0E-81B1-428B-B2F9-3DD03D0A5719}.Debug|x64.Build.0 = Debug|x64
		{870A8A0E-81B1-428B-B2F9-3DD03D0A5719}.Debug|x86.ActiveCfg = Debug|Win32
		{870A8A0E-81B1-428B-B2F9-3DD03D0A5719}.Debug|x86.Build.0 = Debug|Win32
		{870A8A0E-81B1-428B-B2F9-3DD03D0A5719}.Release|x64.ActiveCfg = Release|x64
		{870A8A0E-81B1-428B-B2F9-3DD03D0A5719}.Release|x64.Build.0 = Release|x64
		{870A8A0E-81B1-428B-B2F9-3DD03D0A5719}.Release|x86.ActiveCfg = Release|Win32
		{870A8A0E-81B1-428B-B2F9-3DD03D0A5719}.Release|x86.Build.0 = Release|Win32
	EndGlobalSection
	GlobalSection(SolutionProperties) = preSolution
		HideSolutionNode = FALSE
	EndGlobalSection
	GlobalSection(ExtensibilityGlobals) = postSolution
		SolutionGuid = {75675755-D46A-4561-B3D4-11AFBEDEF658}
	EndGlobalSection
EndGlobal
